PODS:
  - YYCategories (1.0.4):
    - YYCategories/no-arc (= 1.0.4)
  - YYCategories/no-arc (1.0.4)

DEPENDENCIES:
  - YYCategories

SPEC REPOS:
  https://github.com/cocoapods/specs.git:
    - YYCategories

SPEC CHECKSUMS:
  YYCategories: 6bcd4314c6661a561410dce4a793379ebd306abd

PODFILE CHECKSUM: 25816cc565a6cc7ae886c5c5b043296366899d99

COCOAPODS: 1.5.3
